
Microsoft Visual Studio Solution File, Format Version 12.00
# Visual Studio 15
VisualStudioVersion = 15.0.27130.2010
MinimumVisualStudioVersion = 10.0.40219.1
Project("{FAE04EC0-301F-11D3-BF4B-00C04F79EFBC}") = "MarkovChain", "MarkovChain\MarkovChain.csproj", "{1238A961-4146-4436-BA90-7F42690EADF4}"
EndProject
Global
	GlobalSection(SolutionConfigurationPlatforms) = preSolution
		Debug|Any CPU = Debug|Any CPU
		Release|Any CPU = Release|Any CPU
	EndGlobalSection
	GlobalSection(ProjectConfigurationPlatforms) = postSolution
		{1238A961-4146-4436-BA90-7F42690EADF4}.Debug|Any CPU.ActiveCfg = Debug|Any CPU
		{1238A961-4146-4436-BA90-7F42690EADF4}.Debug|Any CPU.Build.0 = Debug|Any CPU
		{1238A961-4146-4436-BA90-7F42690EADF4}.Release|Any CPU.ActiveCfg = Release|Any CPU
		{1238A961-4146-4436-BA90-7F42690EADF4}.Release|Any CPU.Build.0 = Release|Any CPU
	EndGlobalSection
	GlobalSection(SolutionProperties) = preSolution
		HideSolutionNode = FALSE
	EndGlobalSection
	GlobalSection(ExtensibilityGlobals) = postSolution
		SolutionGuid = {F97D25A9-3E8D-4F24-9A78-F3865615B175}
	EndGlobalSection
EndGlobal
